// !$*UTF8*$!
{
	archiveVersion = 1;
	classes = {
	};
	objectVersion = 56;
	objects = {

/* Begin PBXBuildFile section */
		8FC0F76E285ED70BB42710D6 /* Pods_PorzZ.framework in Frameworks */ = {isa = PBXBuildFile; fileRef = DB176050B7F880D0946188EC /* Pods_PorzZ.framework */; };
		B771FCC22A19DC6F0015F003 /* PorzzMainViewController.swift in Sources */ = {isa = PBXBuildFile; fileRef = B771FCC12A19DC6F0015F003 /* PorzzMainViewController.swift */; };
		B771FCCF2A1AAC4A0015F003 /* PorzzCardCollectionViewController.swift in Sources */ = {isa = PBXBuildFile; fileRef = B771FCCE2A1AAC4A0015F003 /* PorzzCardCollectionViewController.swift */; };
		B771FCD12A1AAC4F0015F003 /* PorzzCardTitleCollectionViewCell.swift in Sources */ = {isa = PBXBuildFile; fileRef = B771FCD02A1AAC4F0015F003 /* PorzzCardTitleCollectionViewCell.swift */; };
		B771FCD32A1AAC510015F003 /* PorzzCardImageCollectionViewCell.swift in Sources */ = {isa = PBXBuildFile; fileRef = B771FCD22A1AAC510015F003 /* PorzzCardImageCollectionViewCell.swift */; };
		B771FCDD2A1AAEE70015F003 /* PorzzSearchViewController.swift in Sources */ = {isa = PBXBuildFile; fileRef = B771FCDC2A1AAEE70015F003 /* PorzzSearchViewController.swift */; };
		B771FCDF2A1AAFBB0015F003 /* Positions .swift in Sources */ = {isa = PBXBuildFile; fileRef = B771FCDE2A1AAFBB0015F003 /* Positions .swift */; };
		B771FCE12A1AB0B20015F003 /* PorzzSearchCollectionViewCell.swift in Sources */ = {isa = PBXBuildFile; fileRef = B771FCE02A1AB0B20015F003 /* PorzzSearchCollectionViewCell.swift */; };
		B771FCE32A1B2FD20015F003 /* PorzzMainCollectionViewCell.swift in Sources */ = {isa = PBXBuildFile; fileRef = B771FCE22A1B2FD20015F003 /* PorzzMainCollectionViewCell.swift */; };
		B771FCE72A1C7B710015F003 /* PorzzMainCollectionViewChooseCell.swift in Sources */ = {isa = PBXBuildFile; fileRef = B771FCE62A1C7B710015F003 /* PorzzMainCollectionViewChooseCell.swift */; };
		B771FCE92A1D96090015F003 /* PorzzCardDescriptionCollectionViewCell.swift in Sources */ = {isa = PBXBuildFile; fileRef = B771FCE82A1D96090015F003 /* PorzzCardDescriptionCollectionViewCell.swift */; };
		B784437B2A2BF01A005F0907 /* PorzzMainCollectionViewQuoteCell.swift in Sources */ = {isa = PBXBuildFile; fileRef = B784437A2A2BF01A005F0907 /* PorzzMainCollectionViewQuoteCell.swift */; };
		B784437D2A2BF661005F0907 /* Quotes.swift in Sources */ = {isa = PBXBuildFile; fileRef = B784437C2A2BF661005F0907 /* Quotes.swift */; };
		B7B417DF2A1ED1DD009A6266 /* PorzzActivityViewController.swift in Sources */ = {isa = PBXBuildFile; fileRef = B7B417DE2A1ED1DD009A6266 /* PorzzActivityViewController.swift */; };
		B7B417E12A1EDB1F009A6266 /* Constants.swift in Sources */ = {isa = PBXBuildFile; fileRef = B7B417E02A1EDB1F009A6266 /* Constants.swift */; };
		B7CB3A5C2A105F3A005E58D9 /* AppDelegate.swift in Sources */ = {isa = PBXBuildFile; fileRef = B7CB3A5B2A105F3A005E58D9 /* AppDelegate.swift */; };
		B7CB3A5E2A105F3A005E58D9 /* SceneDelegate.swift in Sources */ = {isa = PBXBuildFile; fileRef = B7CB3A5D2A105F3A005E58D9 /* SceneDelegate.swift */; };
		B7CB3A652A105F3B005E58D9 /* Assets.xcassets in Resources */ = {isa = PBXBuildFile; fileRef = B7CB3A642A105F3B005E58D9 /* Assets.xcassets */; };
		B7CB3A682A105F3B005E58D9 /* LaunchScreen.storyboard in Resources */ = {isa = PBXBuildFile; fileRef = B7CB3A662A105F3B005E58D9 /* LaunchScreen.storyboard */; };
/* End PBXBuildFile section */

/* Begin PBXFileReference section */
		30E6A40D75709A9E7A069E44 /* Pods-PorzZ.debug.xcconfig */ = {isa = PBXFileReference; includeInIndex = 1; lastKnownFileType = text.xcconfig; name = "Pods-PorzZ.debug.xcconfig"; path = "Target Support Files/Pods-PorzZ/Pods-PorzZ.debug.xcconfig"; sourceTree = "<group>"; };
		B771FCC12A19DC6F0015F003 /* PorzzMainViewController.swift */ = {isa = PBXFileReference; lastKnownFileType = sourcecode.swift; path = PorzzMainViewController.swift; sourceTree = "<group>"; };
		B771FCCE2A1AAC4A0015F003 /* PorzzCardCollectionViewController.swift */ = {isa = PBXFileReference; lastKnownFileType = sourcecode.swift; path = PorzzCardCollectionViewController.swift; sourceTree = "<group>"; };
		B771FCD02A1AAC4F0015F003 /* PorzzCardTitleCollectionViewCell.swift */ = {isa = PBXFileReference; lastKnownFileType = sourcecode.swift; path = PorzzCardTitleCollectionViewCell.swift; sourceTree = "<group>"; };
		B771FCD22A1AAC510015F003 /* PorzzCardImageCollectionViewCell.swift */ = {isa = PBXFileReference; lastKnownFileType = sourcecode.swift; path = PorzzCardImageCollectionViewCell.swift; sourceTree = "<group>"; };
		B771FCDC2A1AAEE70015F003 /* PorzzSearchViewController.swift */ = {isa = PBXFileReference; lastKnownFileType = sourcecode.swift; path = PorzzSearchViewController.swift; sourceTree = "<group>"; };
		B771FCDE2A1AAFBB0015F003 /* Positions .swift */ = {isa = PBXFileReference; lastKnownFileType = sourcecode.swift; path = "Positions .swift"; sourceTree = "<group>"; };
		B771FCE02A1AB0B20015F003 /* PorzzSearchCollectionViewCell.swift */ = {isa = PBXFileReference; lastKnownFileType = sourcecode.swift; path = PorzzSearchCollectionViewCell.swift; sourceTree = "<group>"; };
		B771FCE22A1B2FD20015F003 /* PorzzMainCollectionViewCell.swift */ = {isa = PBXFileReference; lastKnownFileType = sourcecode.swift; path = PorzzMainCollectionViewCell.swift; sourceTree = "<group>"; };
		B771FCE62A1C7B710015F003 /* PorzzMainCollectionViewChooseCell.swift */ = {isa = PBXFileReference; lastKnownFileType = sourcecode.swift; path = PorzzMainCollectionViewChooseCell.swift; sourceTree = "<group>"; };
		B771FCE82A1D96090015F003 /* PorzzCardDescriptionCollectionViewCell.swift */ = {isa = PBXFileReference; lastKnownFileType = sourcecode.swift; path = PorzzCardDescriptionCollectionViewCell.swift; sourceTree = "<group>"; };
		B784437A2A2BF01A005F0907 /* PorzzMainCollectionViewQuoteCell.swift */ = {isa = PBXFileReference; lastKnownFileType = sourcecode.swift; path = PorzzMainCollectionViewQuoteCell.swift; sourceTree = "<group>"; };
		B784437C2A2BF661005F0907 /* Quotes.swift */ = {isa = PBXFileReference; lastKnownFileType = sourcecode.swift; name = Quotes.swift; path = PorzZ/Quotes.swift; sourceTree = SOURCE_ROOT; };
		B7B417DE2A1ED1DD009A6266 /* PorzzActivityViewController.swift */ = {isa = PBXFileReference; lastKnownFileType = sourcecode.swift; path = PorzzActivityViewController.swift; sourceTree = "<group>"; };
		B7B417E02A1EDB1F009A6266 /* Constants.swift */ = {isa = PBXFileReference; lastKnownFileType = sourcecode.swift; path = Constants.swift; sourceTree = "<group>"; };
		B7CB3A582A105F3A005E58D9 /* PorzZ.app */ = {isa = PBXFileReference; explicitFileType = wrapper.application; includeInIndex = 0; path = PorzZ.app; sourceTree = BUILT_PRODUCTS_DIR; };
		B7CB3A5B2A105F3A005E58D9 /* AppDelegate.swift */ = {isa = PBXFileReference; lastKnownFileType = sourcecode.swift; path = AppDelegate.swift; sourceTree = "<group>"; };
		B7CB3A5D2A105F3A005E58D9 /* SceneDelegate.swift */ = {isa = PBXFileReference; lastKnownFileType = sourcecode.swift; path = SceneDelegate.swift; sourceTree = "<group>"; };
		B7CB3A642A105F3B005E58D9 /* Assets.xcassets */ = {isa = PBXFileReference; lastKnownFileType = folder.assetcatalog; path = Assets.xcassets; sourceTree = "<group>"; };
		B7CB3A672A105F3B005E58D9 /* Base */ = {isa = PBXFileReference; lastKnownFileType = file.storyboard; name = Base; path = Base.lproj/LaunchScreen.storyboard; sourceTree = "<group>"; };
		B7CB3A692A105F3B005E58D9 /* Info.plist */ = {isa = PBXFileReference; lastKnownFileType = text.plist.xml; path = Info.plist; sourceTree = "<group>"; };
		D2600B193B37524D21801DB0 /* Pods-PorzZ.release.xcconfig */ = {isa = PBXFileReference; includeInIndex = 1; lastKnownFileType = text.xcconfig; name = "Pods-PorzZ.release.xcconfig"; path = "Target Support Files/Pods-PorzZ/Pods-PorzZ.release.xcconfig"; sourceTree = "<group>"; };
		DB176050B7F880D0946188EC /* Pods_PorzZ.framework */ = {isa = PBXFileReference; explicitFileType = wrapper.framework; includeInIndex = 0; path = Pods_PorzZ.framework; sourceTree = BUILT_PRODUCTS_DIR; };
/* End PBXFileReference section */

/* Begin PBXFrameworksBuildPhase section */
		B7CB3A552A105F3A005E58D9 /* Frameworks */ = {
			isa = PBXFrameworksBuildPhase;
			buildActionMask = 2147483647;
			files = (
				8FC0F76E285ED70BB42710D6 /* Pods_PorzZ.framework in Frameworks */,
			);
			runOnlyForDeploymentPostprocessing = 0;
		};
/* End PBXFrameworksBuildPhase section */

/* Begin PBXGroup section */
		37C946AEBF0CB5C6A6147F43 /* Frameworks */ = {
			isa = PBXGroup;
			children = (
				DB176050B7F880D0946188EC /* Pods_PorzZ.framework */,
			);
			name = Frameworks;
			sourceTree = "<group>";
		};
		966517D50C0FFB48A3C855C1 /* Pods */ = {
			isa = PBXGroup;
			children = (
				30E6A40D75709A9E7A069E44 /* Pods-PorzZ.debug.xcconfig */,
				D2600B193B37524D21801DB0 /* Pods-PorzZ.release.xcconfig */,
			);
			path = Pods;
			sourceTree = "<group>";
		};
		B771FCD52A1AACBE0015F003 /* PorzzCard */ = {
			isa = PBXGroup;
			children = (
				B771FCCE2A1AAC4A0015F003 /* PorzzCardCollectionViewController.swift */,
				B771FCD02A1AAC4F0015F003 /* PorzzCardTitleCollectionViewCell.swift */,
				B771FCD22A1AAC510015F003 /* PorzzCardImageCollectionViewCell.swift */,
				B771FCE82A1D96090015F003 /* PorzzCardDescriptionCollectionViewCell.swift */,
			);
			path = PorzzCard;
			sourceTree = "<group>";
		};
		B771FCE42A1B359A0015F003 /* PorzzSearch */ = {
			isa = PBXGroup;
			children = (
				B771FCE02A1AB0B20015F003 /* PorzzSearchCollectionViewCell.swift */,
				B771FCDC2A1AAEE70015F003 /* PorzzSearchViewController.swift */,
			);
			name = PorzzSearch;
			sourceTree = "<group>";
		};
		B771FCE52A1B35EA0015F003 /* PorzzMain */ = {
			isa = PBXGroup;
			children = (
				B771FCE62A1C7B710015F003 /* PorzzMainCollectionViewChooseCell.swift */,
				B771FCC12A19DC6F0015F003 /* PorzzMainViewController.swift */,
				B771FCE22A1B2FD20015F003 /* PorzzMainCollectionViewCell.swift */,
				B784437A2A2BF01A005F0907 /* PorzzMainCollectionViewQuoteCell.swift */,
			);
			name = PorzzMain;
			sourceTree = "<group>";
		};
		B7B417E22A1EDD42009A6266 /* Utils */ = {
			isa = PBXGroup;
			children = (
				B7B417E02A1EDB1F009A6266 /* Constants.swift */,
			);
			path = Utils;
			sourceTree = "<group>";
		};
		B7B417E32A1EDD79009A6266 /* PorzzActivity */ = {
			isa = PBXGroup;
			children = (
				B7B417DE2A1ED1DD009A6266 /* PorzzActivityViewController.swift */,
			);
			path = PorzzActivity;
			sourceTree = "<group>";
		};
		B7B417E42A1EDDAE009A6266 /* ModelData */ = {
			isa = PBXGroup;
			children = (
				B784437C2A2BF661005F0907 /* Quotes.swift */,
				B771FCDE2A1AAFBB0015F003 /* Positions .swift */,
			);
			path = ModelData;
			sourceTree = "<group>";
		};
		B7CB3A4F2A105F3A005E58D9 = {
			isa = PBXGroup;
			children = (
				B7CB3A5A2A105F3A005E58D9 /* PorzZ */,
				B7CB3A592A105F3A005E58D9 /* Products */,
				966517D50C0FFB48A3C855C1 /* Pods */,
				37C946AEBF0CB5C6A6147F43 /* Frameworks */,
			);
			sourceTree = "<group>";
		};
		B7CB3A592A105F3A005E58D9 /* Products */ = {
			isa = PBXGroup;
			children = (
				B7CB3A582A105F3A005E58D9 /* PorzZ.app */,
			);
			name = Products;
			sourceTree = "<group>";
		};
		B7CB3A5A2A105F3A005E58D9 /* PorzZ */ = {
			isa = PBXGroup;
			children = (
				B7CB3A5B2A105F3A005E58D9 /* AppDelegate.swift */,
				B7CB3A5D2A105F3A005E58D9 /* SceneDelegate.swift */,
				B7B417E22A1EDD42009A6266 /* Utils */,
				B7B417E32A1EDD79009A6266 /* PorzzActivity */,
				B771FCE42A1B359A0015F003 /* PorzzSearch */,
				B771FCD52A1AACBE0015F003 /* PorzzCard */,
				B771FCE52A1B35EA0015F003 /* PorzzMain */,
				B7B417E42A1EDDAE009A6266 /* ModelData */,
				B7CB3A642A105F3B005E58D9 /* Assets.xcassets */,
				B7CB3A662A105F3B005E58D9 /* LaunchScreen.storyboard */,
				B7CB3A692A105F3B005E58D9 /* Info.plist */,
			);
			path = PorzZ;
			sourceTree = "<group>";
		};
/* End PBXGroup section */

/* Begin PBXNativeTarget section */
		B7CB3A572A105F3A005E58D9 /* PorzZ */ = {
			isa = PBXNativeTarget;
			buildConfigurationList = B7CB3A6C2A105F3B005E58D9 /* Build configuration list for PBXNativeTarget "PorzZ" */;
			buildPhases = (
				BDFEF9DBF2819E0F8FECFDD5 /* [CP] Check Pods Manifest.lock */,
				B7CB3A542A105F3A005E58D9 /* Sources */,
				B7CB3A552A105F3A005E58D9 /* Frameworks */,
				B7CB3A562A105F3A005E58D9 /* Resources */,
				A79A2C6A1659832BDB6ED202 /* [CP] Embed Pods Frameworks */,
			);
			buildRules = (
			);
			dependencies = (
			);
			name = PorzZ;
			productName = PorzZ;
			productReference = B7CB3A582A105F3A005E58D9 /* PorzZ.app */;
			productType = "com.apple.product-type.application";
		};
/* End PBXNativeTarget section */

/* Begin PBXProject section */
		B7CB3A502A105F3A005E58D9 /* Project object */ = {
			isa = PBXProject;
			attributes = {
				BuildIndependentTargetsInParallel = 1;
				LastSwiftUpdateCheck = 1430;
				LastUpgradeCheck = 1430;
				TargetAttributes = {
					B7CB3A572A105F3A005E58D9 = {
						CreatedOnToolsVersion = 14.3;
					};
				};
			};
			buildConfigurationList = B7CB3A532A105F3A005E58D9 /* Build configuration list for PBXProject "PorzZ" */;
			compatibilityVersion = "Xcode 14.0";
			developmentRegion = en;
			hasScannedForEncodings = 0;
			knownRegions = (
				en,
				Base,
			);
			mainGroup = B7CB3A4F2A105F3A005E58D9;
			productRefGroup = B7CB3A592A105F3A005E58D9 /* Products */;
			projectDirPath = "";
			projectRoot = "";
			targets = (
				B7CB3A572A105F3A005E58D9 /* PorzZ */,
			);
		};
/* End PBXProject section */

/* Begin PBXResourcesBuildPhase section */
		B7CB3A562A105F3A005E58D9 /* Resources */ = {
			isa = PBXResourcesBuildPhase;
			buildActionMask = 2147483647;
			files = (
				B7CB3A682A105F3B005E58D9 /* LaunchScreen.storyboard in Resources */,
				B7CB3A652A105F3B005E58D9 /* Assets.xcassets in Resources */,
			);
			runOnlyForDeploymentPostprocessing = 0;
		};
/* End PBXResourcesBuildPhase section */

/* Begin PBXShellScriptBuildPhase section */
		A79A2C6A1659832BDB6ED202 /* [CP] Embed Pods Frameworks */ = {
			isa = PBXShellScriptBuildPhase;
			buildActionMask = 2147483647;
			files = (
			);
			inputFileListPaths = (
				"${PODS_ROOT}/Target Support Files/Pods-PorzZ/Pods-PorzZ-frameworks-${CONFIGURATION}-input-files.xcfilelist",
			);
			name = "[CP] Embed Pods Frameworks";
			outputFileListPaths = (
				"${PODS_ROOT}/Target Support Files/Pods-PorzZ/Pods-PorzZ-frameworks-${CONFIGURATION}-output-files.xcfilelist",
			);
			runOnlyForDeploymentPostprocessing = 0;
			shellPath = /bin/sh;
			shellScript = "\"${PODS_ROOT}/Target Support Files/Pods-PorzZ/Pods-PorzZ-frameworks.sh\"\n";
			showEnvVarsInLog = 0;
		};
		BDFEF9DBF2819E0F8FECFDD5 /* [CP] Check Pods Manifest.lock */ = {
			isa = PBXShellScriptBuildPhase;
			buildActionMask = 2147483647;
			files = (
			);
			inputFileListPaths = (
			);
			inputPaths = (
				"${PODS_PODFILE_DIR_PATH}/Podfile.lock",
				"${PODS_ROOT}/Manifest.lock",
			);
			name = "[CP] Check Pods Manifest.lock";
			outputFileListPaths = (
			);
			outputPaths = (
				"$(DERIVED_FILE_DIR)/Pods-PorzZ-checkManifestLockResult.txt",
			);
			runOnlyForDeploymentPostprocessing = 0;
			shellPath = /bin/sh;
			shellScript = "diff \"${PODS_PODFILE_DIR_PATH}/Podfile.lock\" \"${PODS_ROOT}/Manifest.lock\" > /dev/null\nif [ $? != 0 ] ; then\n    # print error to STDERR\n    echo \"error: The sandbox is not in sync with the Podfile.lock. Run 'pod install' or update your CocoaPods installation.\" >&2\n    exit 1\nfi\n# This output is used by Xcode 'outputs' to avoid re-running this script phase.\necho \"SUCCESS\" > \"${SCRIPT_OUTPUT_FILE_0}\"\n";
			showEnvVarsInLog = 0;
		};
/* End PBXShellScriptBuildPhase section */

/* Begin PBXSourcesBuildPhase section */
		B7CB3A542A105F3A005E58D9 /* Sources */ = {
			isa = PBXSourcesBuildPhase;
			buildActionMask = 2147483647;
			files = (
				B771FCD12A1AAC4F0015F003 /* PorzzCardTitleCollectionViewCell.swift in Sources */,
				B771FCE92A1D96090015F003 /* PorzzCardDescriptionCollectionViewCell.swift in Sources */,
				B771FCCF2A1AAC4A0015F003 /* PorzzCardCollectionViewController.swift in Sources */,
				B771FCE72A1C7B710015F003 /* PorzzMainCollectionViewChooseCell.swift in Sources */,
				B771FCE12A1AB0B20015F003 /* PorzzSearchCollectionViewCell.swift in Sources */,
				B784437B2A2BF01A005F0907 /* PorzzMainCollectionViewQuoteCell.swift in Sources */,
				B771FCDD2A1AAEE70015F003 /* PorzzSearchViewController.swift in Sources */,
				B771FCDF2A1AAFBB0015F003 /* Positions .swift in Sources */,
				B784437D2A2BF661005F0907 /* Quotes.swift in Sources */,
				B7B417DF2A1ED1DD009A6266 /* PorzzActivityViewController.swift in Sources */,
				B771FCD32A1AAC510015F003 /* PorzzCardImageCollectionViewCell.swift in Sources */,
				B771FCC22A19DC6F0015F003 /* PorzzMainViewController.swift in Sources */,
				B771FCE32A1B2FD20015F003 /* PorzzMainCollectionViewCell.swift in Sources */,
				B7B417E12A1EDB1F009A6266 /* Constants.swift in Sources */,
				B7CB3A5C2A105F3A005E58D9 /* AppDelegate.swift in Sources */,
				B7CB3A5E2A105F3A005E58D9 /* SceneDelegate.swift in Sources */,
			);
			runOnlyForDeploymentPostprocessing = 0;
		};
/* End PBXSourcesBuildPhase section */

/* Begin PBXVariantGroup section */
		B7CB3A662A105F3B005E58D9 /* LaunchScreen.storyboard */ = {
			isa = PBXVariantGroup;
			children = (
				B7CB3A672A105F3B005E58D9 /* Base */,
			);
			name = LaunchScreen.storyboard;
			sourceTree = "<group>";
		};
/* End PBXVariantGroup section */

/* Begin XCBuildConfiguration section */
		B7CB3A6A2A105F3B005E58D9 /* Debug */ = {
			isa = XCBuildConfiguration;
			buildSettings = {
				ALWAYS_SEARCH_USER_PATHS = NO;
				CLANG_ANALYZER_NONNULL = YES;
				CLANG_ANALYZER_NUMBER_OBJECT_CONVERSION = YES_AGGRESSIVE;
				CLANG_CXX_LANGUAGE_STANDARD = "gnu++20";
				CLANG_ENABLE_MODULES = YES;
				CLANG_ENABLE_OBJC_ARC = YES;
				CLANG_ENABLE_OBJC_WEAK = YES;
				CLANG_WARN_BLOCK_CAPTURE_AUTORELEASING = YES;
				CLANG_WARN_BOOL_CONVERSION = YES;
				CLANG_WARN_COMMA = YES;
				CLANG_WARN_CONSTANT_CONVERSION = YES;
				CLANG_WARN_DEPRECATED_OBJC_IMPLEMENTATIONS = YES;
				CLANG_WARN_DIRECT_OBJC_ISA_USAGE = YES_ERROR;
				CLANG_WARN_DOCUMENTATION_COMMENTS = YES;
				CLANG_WARN_EMPTY_BODY = YES;
				CLANG_WARN_ENUM_CONVERSION = YES;
				CLANG_WARN_INFINITE_RECURSION = YES;
				CLANG_WARN_INT_CONVERSION = YES;
				CLANG_WARN_NON_LITERAL_NULL_CONVERSION = YES;
				CLANG_WARN_OBJC_IMPLICIT_RETAIN_SELF = YES;
				CLANG_WARN_OBJC_LITERAL_CONVERSION = YES;
				CLANG_WARN_OBJC_ROOT_CLASS = YES_ERROR;
				CLANG_WARN_QUOTED_INCLUDE_IN_FRAMEWORK_HEADER = YES;
				CLANG_WARN_RANGE_LOOP_ANALYSIS = YES;
				CLANG_WARN_STRICT_PROTOTYPES = YES;
				CLANG_WARN_SUSPICIOUS_MOVE = YES;
				CLANG_WARN_UNGUARDED_AVAILABILITY = YES_AGGRESSIVE;
				CLANG_WARN_UNREACHABLE_CODE = YES;
				CLANG_WARN__DUPLICATE_METHOD_MATCH = YES;
				COPY_PHASE_STRIP = NO;
				DEBUG_INFORMATION_FORMAT = dwarf;
				ENABLE_STRICT_OBJC_MSGSEND = YES;
				ENABLE_TESTABILITY = YES;
				GCC_C_LANGUAGE_STANDARD = gnu11;
				GCC_DYNAMIC_NO_PIC = NO;
				GCC_NO_COMMON_BLOCKS = YES;
				GCC_OPTIMIZATION_LEVEL = 0;
				GCC_PREPROCESSOR_DEFINITIONS = (
					"DEBUG=1",
					"$(inherited)",
				);
				GCC_WARN_64_TO_32_BIT_CONVERSION = YES;
				GCC_WARN_ABOUT_RETURN_TYPE = YES_ERROR;
				GCC_WARN_UNDECLARED_SELECTOR = YES;
				GCC_WARN_UNINITIALIZED_AUTOS = YES_AGGRESSIVE;
				GCC_WARN_UNUSED_FUNCTION = YES;
				GCC_WARN_UNUSED_VARIABLE = YES;
				IPHONEOS_DEPLOYMENT_TARGET = 16.4;
				MTL_ENABLE_DEBUG_INFO = INCLUDE_SOURCE;
				MTL_FAST_MATH = YES;
				ONLY_ACTIVE_ARCH = YES;
				SDKROOT = iphoneos;
				SWIFT_ACTIVE_COMPILATION_CONDITIONS = DEBUG;
				SWIFT_OPTIMIZATION_LEVEL = "-Onone";
			};
			name = Debug;
		};
		B7CB3A6B2A105F3B005E58D9 /* Release */ = {
			isa = XCBuildConfiguration;
			buildSettings = {
				ALWAYS_SEARCH_USER_PATHS = NO;
				CLANG_ANALYZER_NONNULL = YES;
				CLANG_ANALYZER_NUMBER_OBJECT_CONVERSION = YES_AGGRESSIVE;
				CLANG_CXX_LANGUAGE_STANDARD = "gnu++20";
				CLANG_ENABLE_MODULES = YES;
				CLANG_ENABLE_OBJC_ARC = YES;
				CLANG_ENABLE_OBJC_WEAK = YES;
				CLANG_WARN_BLOCK_CAPTURE_AUTORELEASING = YES;
				CLANG_WARN_BOOL_CONVERSION = YES;
				CLANG_WARN_COMMA = YES;
				CLANG_WARN_CONSTANT_CONVERSION = YES;
				CLANG_WARN_DEPRECATED_OBJC_IMPLEMENTATIONS = YES;
				CLANG_WARN_DIRECT_OBJC_ISA_USAGE = YES_ERROR;
				CLANG_WARN_DOCUMENTATION_COMMENTS = YES;
				CLANG_WARN_EMPTY_BODY = YES;
				CLANG_WARN_ENUM_CONVERSION = YES;
				CLANG_WARN_INFINITE_RECURSION = YES;
				CLANG_WARN_INT_CONVERSION = YES;
				CLANG_WARN_NON_LITERAL_NULL_CONVERSION = YES;
				CLANG_WARN_OBJC_IMPLICIT_RETAIN_SELF = YES;
				CLANG_WARN_OBJC_LITERAL_CONVERSION = YES;
				CLANG_WARN_OBJC_ROOT_CLASS = YES_ERROR;
				CLANG_WARN_QUOTED_INCLUDE_IN_FRAMEWORK_HEADER = YES;
				CLANG_WARN_RANGE_LOOP_ANALYSIS = YES;
				CLANG_WARN_STRICT_PROTOTYPES = YES;
				CLANG_WARN_SUSPICIOUS_MOVE = YES;
				CLANG_WARN_UNGUARDED_AVAILABILITY = YES_AGGRESSIVE;
				CLANG_WARN_UNREACHABLE_CODE = YES;
				CLANG_WARN__DUPLICATE_METHOD_MATCH = YES;
				COPY_PHASE_STRIP = NO;
				DEBUG_INFORMATION_FORMAT = "dwarf-with-dsym";
				ENABLE_NS_ASSERTIONS = NO;
				ENABLE_STRICT_OBJC_MSGSEND = YES;
				GCC_C_LANGUAGE_STANDARD = gnu11;
				GCC_NO_COMMON_BLOCKS = YES;
				GCC_WARN_64_TO_32_BIT_CONVERSION = YES;
				GCC_WARN_ABOUT_RETURN_TYPE = YES_ERROR;
				GCC_WARN_UNDECLARED_SELECTOR = YES;
				GCC_WARN_UNINITIALIZED_AUTOS = YES_AGGRESSIVE;
				GCC_WARN_UNUSED_FUNCTION = YES;
				GCC_WARN_UNUSED_VARIABLE = YES;
				IPHONEOS_DEPLOYMENT_TARGET = 16.4;
				MTL_ENABLE_DEBUG_INFO = NO;
				MTL_FAST_MATH = YES;
				SDKROOT = iphoneos;
				SWIFT_COMPILATION_MODE = wholemodule;
				SWIFT_OPTIMIZATION_LEVEL = "-O";
				VALIDATE_PRODUCT = YES;
			};
			name = Release;
		};
		B7CB3A6D2A105F3B005E58D9 /* Debug */ = {
			isa = XCBuildConfiguration;
			baseConfigurationReference = 30E6A40D75709A9E7A069E44 /* Pods-PorzZ.debug.xcconfig */;
			buildSettings = {
				ASSETCATALOG_COMPILER_APPICON_NAME = AppIcon;
				ASSETCATALOG_COMPILER_GLOBAL_ACCENT_COLOR_NAME = AccentColor;
				CODE_SIGN_STYLE = Automatic;
				CURRENT_PROJECT_VERSION = 1;
				DEVELOPMENT_TEAM = F2G4UURC95;
				GENERATE_INFOPLIST_FILE = YES;
				INFOPLIST_FILE = PorzZ/Info.plist;
				INFOPLIST_KEY_UIApplicationSupportsIndirectInputEvents = YES;
				INFOPLIST_KEY_UILaunchStoryboardName = LaunchScreen;
				INFOPLIST_KEY_UIRequiresFullScreen = YES;
				INFOPLIST_KEY_UISupportedInterfaceOrientations = UIInterfaceOrientationPortrait;
				LD_RUNPATH_SEARCH_PATHS = (
					"$(inherited)",
					"@executable_path/Frameworks",
				);
				MARKETING_VERSION = 1.0;
				PRODUCT_BUNDLE_IDENTIFIER = yuanlong.PorzZ;
				PRODUCT_NAME = "$(TARGET_NAME)";
				SWIFT_EMIT_LOC_STRINGS = YES;
				SWIFT_VERSION = 5.0;
				TARGETED_DEVICE_FAMILY = "1,2";
			};
			name = Debug;
		};
		B7CB3A6E2A105F3B005E58D9 /* Release */ = {
			isa = XCBuildConfiguration;
			baseConfigurationReference = D2600B193B37524D21801DB0 /* Pods-PorzZ.release.xcconfig */;
			buildSettings = {
				ASSETCATALOG_COMPILER_APPICON_NAME = AppIcon;
				ASSETCATALOG_COMPILER_GLOBAL_ACCENT_COLOR_NAME = AccentColor;
				CODE_SIGN_STYLE = Automatic;
				CURRENT_PROJECT_VERSION = 1;
				DEVELOPMENT_TEAM = F2G4UURC95;
				GENERATE_INFOPLIST_FILE = YES;
				INFOPLIST_FILE = PorzZ/Info.plist;
				INFOPLIST_KEY_UIApplicationSupportsIndirectInputEvents = YES;
				INFOPLIST_KEY_UILaunchStoryboardName = LaunchScreen;
				INFOPLIST_KEY_UIRequiresFullScreen = YES;
				INFOPLIST_KEY_UISupportedInterfaceOrientations = UIInterfaceOrientationPortrait;
				LD_RUNPATH_SEARCH_PATHS = (
					"$(inherited)",
					"@executable_path/Frameworks",
				);
				MARKETING_VERSION = 1.0;
				PRODUCT_BUNDLE_IDENTIFIER = yuanlong.PorzZ;
				PRODUCT_NAME = "$(TARGET_NAME)";
				SWIFT_EMIT_LOC_STRINGS = YES;
				SWIFT_VERSION = 5.0;
				TARGETED_DEVICE_FAMILY = "1,2";
			};
			name = Release;
		};
/* End XCBuildConfiguration section */

/* Begin XCConfigurationList section */
		B7CB3A532A105F3A005E58D9 /* Build configuration list for PBXProject "PorzZ" */ = {
			isa = XCConfigurationList;
			buildConfigurations = (
				B7CB3A6A2A105F3B005E58D9 /* Debug */,
				B7CB3A6B2A105F3B005E58D9 /* Release */,
			);
			defaultConfigurationIsVisible = 0;
			defaultConfigurationName = Release;
		};
		B7CB3A6C2A105F3B005E58D9 /* Build configuration list for PBXNativeTarget "PorzZ" */ = {
			isa = XCConfigurationList;
			buildConfigurations = (
				B7CB3A6D2A105F3B005E58D9 /* Debug */,
				B7CB3A6E2A105F3B005E58D9 /* Release */,
			);
			defaultConfigurationIsVisible = 0;
			defaultConfigurationName = Release;
		};
/* End XCConfigurationList section */
	};
	rootObject = B7CB3A502A105F3A005E58D9 /* Project object */;
}
